
Microsoft Visual Studio Solution File, Format Version 12.00
# Visual Studio Version 17
VisualStudioVersion = 17.14.36408.4 d17.14
MinimumVisualStudioVersion = 10.0.40219.1
Project("{FAE04EC0-301F-11D3-BF4B-00C04F79EFBC}") = "Calcu-Lite", "Calcu-Lite.csproj", "{6476B2B9-C31F-4EEA-8B3B-6B17B0AA1317}"
EndProject
Global
	GlobalSection(SolutionConfigurationPlatforms) = preSolution
		Debug|Any CPU = Debug|Any CPU
		Release|Any CPU = Release|Any CPU
	EndGlobalSection
	GlobalSection(ProjectConfigurationPlatforms) = postSolution
		{6476B2B9-C31F-4EEA-8B3B-6B17B0AA1317}.Debug|Any CPU.ActiveCfg = Debug|Any CPU
		{6476B2B9-C31F-4EEA-8B3B-6B17B0AA1317}.Debug|Any CPU.Build.0 = Debug|Any CPU
		{6476B2B9-C31F-4EEA-8B3B-6B17B0AA1317}.Release|Any CPU.ActiveCfg = Release|Any CPU
		{6476B2B9-C31F-4EEA-8B3B-6B17B0AA1317}.Release|Any CPU.Build.0 = Release|Any CPU
	EndGlobalSection
	GlobalSection(SolutionProperties) = preSolution
		HideSolutionNode = FALSE
	EndGlobalSection
	GlobalSection(ExtensibilityGlobals) = postSolution
		SolutionGuid = {92E1D16A-83AA-44F4-AF62-CAE23E12AC46}
	EndGlobalSection
EndGlobal
